
Microsoft Visual Studio Solution File, Format Version 12.00
# Visual Studio Version 17
VisualStudioVersion = 17.7.34018.315
MinimumVisualStudioVersion = 10.0.40219.1
Project("{FAE04EC0-301F-11D3-BF4B-00C04F79EFBC}") = "WebAppJen", "WebAppJen\WebAppJen.csproj", "{317C2D3B-8A11-45A4-8B46-93329F15F0F7}"
EndProject
Global
	GlobalSection(SolutionConfigurationPlatforms) = preSolution
		Debug|Any CPU = Debug|Any CPU
		Release|Any CPU = Release|Any CPU
	EndGlobalSection
	GlobalSection(ProjectConfigurationPlatforms) = postSolution
		{317C2D3B-8A11-45A4-8B46-93329F15F0F7}.Debug|Any CPU.ActiveCfg = Debug|Any CPU
		{317C2D3B-8A11-45A4-8B46-93329F15F0F7}.Debug|Any CPU.Build.0 = Debug|Any CPU
		{317C2D3B-8A11-45A4-8B46-93329F15F0F7}.Release|Any CPU.ActiveCfg = Release|Any CPU
		{317C2D3B-8A11-45A4-8B46-93329F15F0F7}.Release|Any CPU.Build.0 = Release|Any CPU
	EndGlobalSection
	GlobalSection(SolutionProperties) = preSolution
		HideSolutionNode = FALSE
	EndGlobalSection
	GlobalSection(ExtensibilityGlobals) = postSolution
		SolutionGuid = {5D70207D-805D-401B-A559-9FB0809C5D9D}
	EndGlobalSection
EndGlobal
